
Microsoft Visual Studio Solution File, Format Version 12.00
# Visual Studio Version 16
VisualStudioVersion = 16.0.31321.278
MinimumVisualStudioVersion = 10.0.40219.1
Project("{E24C65DC-7377-472B-9ABA-BC803B73C61A}") = "WebFormsIdentity", "WebFormsIdentity\", "{ED28C79B-3AB2-4E38-9796-F298A0A0FDC9}"
	ProjectSection(WebsiteProperties) = preProject
		TargetFrameworkMoniker = ".NETFramework,Version%3Dv4.7.2"
		Debug.AspNetCompiler.VirtualPath = "/localhost_49403"
		Debug.AspNetCompiler.PhysicalPath = "WebFormsIdentity\"
		Debug.AspNetCompiler.TargetPath = "PrecompiledWeb\localhost_49403\"
		Debug.AspNetCompiler.Updateable = "true"
		Debug.AspNetCompiler.ForceOverwrite = "true"
		Debug.AspNetCompiler.FixedNames = "false"
		Debug.AspNetCompiler.Debug = "True"
		Release.AspNetCompiler.VirtualPath = "/localhost_49403"
		Release.AspNetCompiler.PhysicalPath = "WebFormsIdentity\"
		Release.AspNetCompiler.TargetPath = "PrecompiledWeb\localhost_49403\"
		Release.AspNetCompiler.Updateable = "true"
		Release.AspNetCompiler.ForceOverwrite = "true"
		Release.AspNetCompiler.FixedNames = "false"
		Release.AspNetCompiler.Debug = "False"
		VWDPort = "49403"
		SlnRelativePath = "WebFormsIdentity\"
		DefaultWebSiteLanguage = "Visual C#"
	EndProjectSection
EndProject
Global
	GlobalSection(SolutionConfigurationPlatforms) = preSolution
		Debug|Any CPU = Debug|Any CPU
	EndGlobalSection
	GlobalSection(ProjectConfigurationPlatforms) = postSolution
		{ED28C79B-3AB2-4E38-9796-F298A0A0FDC9}.Debug|Any CPU.ActiveCfg = Debug|Any CPU
		{ED28C79B-3AB2-4E38-9796-F298A0A0FDC9}.Debug|Any CPU.Build.0 = Debug|Any CPU
	EndGlobalSection
	GlobalSection(SolutionProperties) = preSolution
		HideSolutionNode = FALSE
	EndGlobalSection
	GlobalSection(ExtensibilityGlobals) = postSolution
		SolutionGuid = {C391C474-FD1F-485D-83CD-BA081EC9CD2F}
	EndGlobalSection
EndGlobal
